
Microsoft Visual Studio Solution File, Format Version 12.00
# Visual Studio 15
VisualStudioVersion = 15.0.26730.8
MinimumVisualStudioVersion = 10.0.40219.1
Project("{8BC9CEB8-8B4A-11D0-8D11-00A0C91BC942}") = "RALDV_Clase7", "RALDV_Clase7.vcxproj", "{28CB0D61-C21B-4511-8F0B-4C0F2C96B450}"
EndProject
Global
	GlobalSection(SolutionConfigurationPlatforms) = preSolution
		Debug|x64 = Debug|x64
		Debug|x86 = Debug|x86
		Release|x64 = Release|x64
		Release|x86 = Release|x86
	EndGlobalSection
	GlobalSection(ProjectConfigurationPlatforms) = postSolution
		{28CB0D61-C21B-4511-8F0B-4C0F2C96B450}.Debug|x64.ActiveCfg = Debug|x64
		{28CB0D61-C21B-4511-8F0B-4C0F2C96B450}.Debug|x64.Build.0 = Debug|x64
		{28CB0D61-C21B-4511-8F0B-4C0F2C96B450}.Debug|x86.ActiveCfg = Debug|Win32
		{28CB0D61-C21B-4511-8F0B-4C0F2C96B450}.Debug|x86.Build.0 = Debug|Win32
		{28CB0D61-C21B-4511-8F0B-4C0F2C96B450}.Release|x64.ActiveCfg = Release|x64
		{28CB0D61-C21B-4511-8F0B-4C0F2C96B450}.Release|x64.Build.0 = Release|x64
		{28CB0D61-C21B-4511-8F0B-4C0F2C96B450}.Release|x86.ActiveCfg = Release|Win32
		{28CB0D61-C21B-4511-8F0B-4C0F2C96B450}.Release|x86.Build.0 = Release|Win32
	EndGlobalSection
	GlobalSection(SolutionProperties) = preSolution
		HideSolutionNode = FALSE
	EndGlobalSection
	GlobalSection(ExtensibilityGlobals) = postSolution
		SolutionGuid = {CCCDFF41-F056-429A-B5EA-CB27F1070ED7}
	EndGlobalSection
EndGlobal
